
Microsoft Visual Studio Solution File, Format Version 12.00
# Visual Studio Version 17
VisualStudioVersion = 17.9.34714.143
MinimumVisualStudioVersion = 10.0.40219.1
Project("{FAE04EC0-301F-11D3-BF4B-00C04F79EFBC}") = "WorldOfEstetics", "WorldOfEstetics.csproj", "{FB882E8F-C288-4CBC-92C9-1803A10D4A4E}"
EndProject
Global
	GlobalSection(SolutionConfigurationPlatforms) = preSolution
		Debug|Any CPU = Debug|Any CPU
		Release|Any CPU = Release|Any CPU
	EndGlobalSection
	GlobalSection(ProjectConfigurationPlatforms) = postSolution
		{FB882E8F-C288-4CBC-92C9-1803A10D4A4E}.Debug|Any CPU.ActiveCfg = Debug|Any CPU
		{FB882E8F-C288-4CBC-92C9-1803A10D4A4E}.Debug|Any CPU.Build.0 = Debug|Any CPU
		{FB882E8F-C288-4CBC-92C9-1803A10D4A4E}.Release|Any CPU.ActiveCfg = Release|Any CPU
		{FB882E8F-C288-4CBC-92C9-1803A10D4A4E}.Release|Any CPU.Build.0 = Release|Any CPU
	EndGlobalSection
	GlobalSection(SolutionProperties) = preSolution
		HideSolutionNode = FALSE
	EndGlobalSection
	GlobalSection(ExtensibilityGlobals) = postSolution
		SolutionGuid = {75A8196C-2F17-4AA6-842A-F03E1DA9DE7D}
	EndGlobalSection
EndGlobal
